
Microsoft Visual Studio Solution File, Format Version 12.00
# Visual Studio Version 16
VisualStudioVersion = 25.0.1704.0
MinimumVisualStudioVersion = 10.0.40219.1
Project("{FAE04EC0-301F-11D3-BF4B-00C04F79EFBC}") = "InstallmentAllocation_App", "InstallmentAllocation_App\InstallmentAllocation_App.csproj", "{025E742B-0356-456B-9141-314FD64B207D}"
EndProject
Global
	GlobalSection(SolutionConfigurationPlatforms) = preSolution
		Debug|Any CPU = Debug|Any CPU
		Release|Any CPU = Release|Any CPU
	EndGlobalSection
	GlobalSection(ProjectConfigurationPlatforms) = postSolution
		{025E742B-0356-456B-9141-314FD64B207D}.Debug|Any CPU.ActiveCfg = Debug|Any CPU
		{025E742B-0356-456B-9141-314FD64B207D}.Debug|Any CPU.Build.0 = Debug|Any CPU
		{025E742B-0356-456B-9141-314FD64B207D}.Release|Any CPU.ActiveCfg = Release|Any CPU
		{025E742B-0356-456B-9141-314FD64B207D}.Release|Any CPU.Build.0 = Release|Any CPU
	EndGlobalSection
	GlobalSection(SolutionProperties) = preSolution
		HideSolutionNode = FALSE
	EndGlobalSection
	GlobalSection(ExtensibilityGlobals) = postSolution
		SolutionGuid = {5779AC8A-4CD9-405F-B52B-6FF9BFAE56AC}
	EndGlobalSection
EndGlobal
